Microsoft Visual Studio Solution File, Format Version 12.00
# Visual Studio Version 17
VisualStudioVersion = 17.8.0.0
MinimumVisualStudioVersion = 17.8.0.0
Project("{9A19103F-16F7-4668-BE54-9A1E7A4F7556}") = "RavenDB.Samples.Library.AppHost", "RavenDB.Samples.Library.AppHost\RavenDB.Samples.Library.AppHost.csproj", "{DF71F4FF-E3D2-4C7B-A8AD-FC845BCD399C}"
EndProject
Project("{9A19103F-16F7-4668-BE54-9A1E7A4F7556}") = "RavenDB.Samples.Library.ServiceDefaults", "RavenDB.Samples.Library.ServiceDefaults\RavenDB.Samples.Library.ServiceDefaults.csproj", "{7B6C3B59-974E-4B97-94DF-4ED06B793E86}"
EndProject
Project("{FAE04EC0-301F-11D3-BF4B-00C04F79EFBC}") = "RavenDB.Samples.Library.App", "RavenDB.Samples.Library.App\RavenDB.Samples.Library.App.csproj", "{726BFA9A-A5F5-4CEE-953C-E54202383662}"
EndProject
Project("{FAE04EC0-301F-11D3-BF4B-00C04F79EFBC}") = "RavenDB.Samples.Library.Migrations", "RavenDB.Samples.Library.Migrations\RavenDB.Samples.Library.Migrations.csproj", "{572E5BEC-8163-4FEC-ACF0-9F5A1FD2B0D7}"
EndProject
Project("{FAE04EC0-301F-11D3-BF4B-00C04F79EFBC}") = "RavenDB.Samples.Library.Model", "RavenDB.Samples.Library.Model\RavenDB.Samples.Library.Model.csproj", "{14135ACF-F87E-4282-9F06-674C62EF18E0}"
EndProject
Global
	GlobalSection(SolutionConfigurationPlatforms) = preSolution
		Debug|Any CPU = Debug|Any CPU
		Release|Any CPU = Release|Any CPU
	EndGlobalSection
	GlobalSection(ProjectConfigurationPlatforms) = postSolution
		{DF71F4FF-E3D2-4C7B-A8AD-FC845BCD399C}.Debug|Any CPU.ActiveCfg = Debug|Any CPU
		{DF71F4FF-E3D2-4C7B-A8AD-FC845BCD399C}.Debug|Any CPU.Build.0 = Debug|Any CPU
		{DF71F4FF-E3D2-4C7B-A8AD-FC845BCD399C}.Release|Any CPU.ActiveCfg = Release|Any CPU
		{DF71F4FF-E3D2-4C7B-A8AD-FC845BCD399C}.Release|Any CPU.Build.0 = Release|Any CPU
		{7B6C3B59-974E-4B97-94DF-4ED06B793E86}.Debug|Any CPU.ActiveCfg = Debug|Any CPU
		{7B6C3B59-974E-4B97-94DF-4ED06B793E86}.Debug|Any CPU.Build.0 = Debug|Any CPU
		{7B6C3B59-974E-4B97-94DF-4ED06B793E86}.Release|Any CPU.ActiveCfg = Release|Any CPU
		{7B6C3B59-974E-4B97-94DF-4ED06B793E86}.Release|Any CPU.Build.0 = Release|Any CPU
		{726BFA9A-A5F5-4CEE-953C-E54202383662}.Debug|Any CPU.ActiveCfg = Debug|Any CPU
		{726BFA9A-A5F5-4CEE-953C-E54202383662}.Debug|Any CPU.Build.0 = Debug|Any CPU
		{726BFA9A-A5F5-4CEE-953C-E54202383662}.Release|Any CPU.ActiveCfg = Release|Any CPU
		{726BFA9A-A5F5-4CEE-953C-E54202383662}.Release|Any CPU.Build.0 = Release|Any CPU
		{572E5BEC-8163-4FEC-ACF0-9F5A1FD2B0D7}.Debug|Any CPU.ActiveCfg = Debug|Any CPU
		{572E5BEC-8163-4FEC-ACF0-9F5A1FD2B0D7}.Debug|Any CPU.Build.0 = Debug|Any CPU
		{572E5BEC-8163-4FEC-ACF0-9F5A1FD2B0D7}.Release|Any CPU.ActiveCfg = Release|Any CPU
		{572E5BEC-8163-4FEC-ACF0-9F5A1FD2B0D7}.Release|Any CPU.Build.0 = Release|Any CPU
		{14135ACF-F87E-4282-9F06-674C62EF18E0}.Debug|Any CPU.ActiveCfg = Debug|Any CPU
		{14135ACF-F87E-4282-9F06-674C62EF18E0}.Debug|Any CPU.Build.0 = Debug|Any CPU
		{14135ACF-F87E-4282-9F06-674C62EF18E0}.Release|Any CPU.ActiveCfg = Release|Any CPU
		{14135ACF-F87E-4282-9F06-674C62EF18E0}.Release|Any CPU.Build.0 = Release|Any CPU
	EndGlobalSection
	GlobalSection(SolutionProperties) = preSolution
		HideSolutionNode = FALSE
	EndGlobalSection
	GlobalSection(ExtensibilityGlobals) = postSolution
		SolutionGuid = {E10FDF87-92D5-460D-9AED-98403AFE3CCF}
	EndGlobalSection
EndGlobal
